
Microsoft Visual Studio Solution File, Format Version 12.00
# Visual Studio Version 17
VisualStudioVersion = 17.9.34723.18
MinimumVisualStudioVersion = 10.0.40219.1
Project("{8BC9CEB8-8B4A-11D0-8D11-00A0C91BC942}") = "CG2D2021xxxxxx名字", "CG2D2021xxxxxx名字\CG2D2021xxxxxx名字.vcxproj", "{F0777E4E-52EE-40EF-AEB8-2378EEE207F1}"
EndProject
Project("{8BC9CEB8-8B4A-11D0-8D11-00A0C91BC942}") = "CG3D2021xxxxxx名字", "CG3D2021xxxxxx名字\CG3D2021xxxxxx名字.vcxproj", "{4A1EAB85-85E3-4142-A742-6210A6F61676}"
EndProject
Global
	GlobalSection(SolutionConfigurationPlatforms) = preSolution
		Debug|x64 = Debug|x64
		Debug|x86 = Debug|x86
		Release|x64 = Release|x64
		Release|x86 = Release|x86
	EndGlobalSection
	GlobalSection(ProjectConfigurationPlatforms) = postSolution
		{F0777E4E-52EE-40EF-AEB8-2378EEE207F1}.Debug|x64.ActiveCfg = Debug|x64
		{F0777E4E-52EE-40EF-AEB8-2378EEE207F1}.Debug|x64.Build.0 = Debug|x64
		{F0777E4E-52EE-40EF-AEB8-2378EEE207F1}.Debug|x86.ActiveCfg = Debug|Win32
		{F0777E4E-52EE-40EF-AEB8-2378EEE207F1}.Debug|x86.Build.0 = Debug|Win32
		{F0777E4E-52EE-40EF-AEB8-2378EEE207F1}.Release|x64.ActiveCfg = Release|x64
		{F0777E4E-52EE-40EF-AEB8-2378EEE207F1}.Release|x64.Build.0 = Release|x64
		{F0777E4E-52EE-40EF-AEB8-2378EEE207F1}.Release|x86.ActiveCfg = Release|Win32
		{F0777E4E-52EE-40EF-AEB8-2378EEE207F1}.Release|x86.Build.0 = Release|Win32
		{4A1EAB85-85E3-4142-A742-6210A6F61676}.Debug|x64.ActiveCfg = Debug|x64
		{4A1EAB85-85E3-4142-A742-6210A6F61676}.Debug|x64.Build.0 = Debug|x64
		{4A1EAB85-85E3-4142-A742-6210A6F61676}.Debug|x86.ActiveCfg = Debug|Win32
		{4A1EAB85-85E3-4142-A742-6210A6F61676}.Debug|x86.Build.0 = Debug|Win32
		{4A1EAB85-85E3-4142-A742-6210A6F61676}.Release|x64.ActiveCfg = Release|x64
		{4A1EAB85-85E3-4142-A742-6210A6F61676}.Release|x64.Build.0 = Release|x64
		{4A1EAB85-85E3-4142-A742-6210A6F61676}.Release|x86.ActiveCfg = Release|Win32
		{4A1EAB85-85E3-4142-A742-6210A6F61676}.Release|x86.Build.0 = Release|Win32
	EndGlobalSection
	GlobalSection(SolutionProperties) = preSolution
		HideSolutionNode = FALSE
	EndGlobalSection
	GlobalSection(ExtensibilityGlobals) = postSolution
		SolutionGuid = {12E2F9C9-CEBD-45DD-8974-41325AF1EA5F}
	EndGlobalSection
EndGlobal
